
Microsoft Visual Studio Solution File, Format Version 11.00
# Visual Studio 2010
Project("{FAE04EC0-301F-11D3-BF4B-00C04F79EFBC}") = "AverageScore", "AverageScore\AverageScore.csproj", "{D3695266-64A2-4FFD-91CE-0449DA49907F}"
EndProject
Global
	GlobalSection(SolutionConfigurationPlatforms) = preSolution
		Debug|x86 = Debug|x86
		Release|x86 = Release|x86
	EndGlobalSection
	GlobalSection(ProjectConfigurationPlatforms) = postSolution
		{D3695266-64A2-4FFD-91CE-0449DA49907F}.Debug|x86.ActiveCfg = Debug|x86
		{D3695266-64A2-4FFD-91CE-0449DA49907F}.Debug|x86.Build.0 = Debug|x86
		{D3695266-64A2-4FFD-91CE-0449DA49907F}.Release|x86.ActiveCfg = Release|x86
		{D3695266-64A2-4FFD-91CE-0449DA49907F}.Release|x86.Build.0 = Release|x86
	EndGlobalSection
	GlobalSection(SolutionProperties) = preSolution
		HideSolutionNode = FALSE
	EndGlobalSection
EndGlobal
