
Microsoft Visual Studio Solution File, Format Version 10.00
# Visual Studio 2008
Project("{FAE04EC0-301F-11D3-BF4B-00C04F79EFBC}") = "ex10-03", "ex10-03\ex10-03.csproj", "{7DE689FB-D795-4C59-8F15-104CF79C46CC}"
EndProject
Global
	GlobalSection(SolutionConfigurationPlatforms) = preSolution
		Debug|Any CPU = Debug|Any CPU
		Release|Any CPU = Release|Any CPU
	EndGlobalSection
	GlobalSection(ProjectConfigurationPlatforms) = postSolution
		{7DE689FB-D795-4C59-8F15-104CF79C46CC}.Debug|Any CPU.ActiveCfg = Debug|Any CPU
		{7DE689FB-D795-4C59-8F15-104CF79C46CC}.Debug|Any CPU.Build.0 = Debug|Any CPU
		{7DE689FB-D795-4C59-8F15-104CF79C46CC}.Release|Any CPU.ActiveCfg = Release|Any CPU
		{7DE689FB-D795-4C59-8F15-104CF79C46CC}.Release|Any CPU.Build.0 = Release|Any CPU
	EndGlobalSection
	GlobalSection(SolutionProperties) = preSolution
		HideSolutionNode = FALSE
	EndGlobalSection
EndGlobal
