
Microsoft Visual Studio Solution File, Format Version 12.00
# Visual Studio Version 16
VisualStudioVersion = 16.0.31005.135
MinimumVisualStudioVersion = 10.0.40219.1
Project("{FAE04EC0-301F-11D3-BF4B-00C04F79EFBC}") = "ex1-01", "ex1-01\ex1-01.csproj", "{237D1A5B-AA3B-48B0-8009-D15368A43CD9}"
EndProject
Global
	GlobalSection(SolutionConfigurationPlatforms) = preSolution
		Debug|Any CPU = Debug|Any CPU
		Release|Any CPU = Release|Any CPU
	EndGlobalSection
	GlobalSection(ProjectConfigurationPlatforms) = postSolution
		{237D1A5B-AA3B-48B0-8009-D15368A43CD9}.Debug|Any CPU.ActiveCfg = Debug|Any CPU
		{237D1A5B-AA3B-48B0-8009-D15368A43CD9}.Debug|Any CPU.Build.0 = Debug|Any CPU
		{237D1A5B-AA3B-48B0-8009-D15368A43CD9}.Release|Any CPU.ActiveCfg = Release|Any CPU
		{237D1A5B-AA3B-48B0-8009-D15368A43CD9}.Release|Any CPU.Build.0 = Release|Any CPU
	EndGlobalSection
	GlobalSection(SolutionProperties) = preSolution
		HideSolutionNode = FALSE
	EndGlobalSection
	GlobalSection(ExtensibilityGlobals) = postSolution
		SolutionGuid = {13157F22-EEB7-40A3-8BBE-802399D7FA25}
	EndGlobalSection
EndGlobal
