
Microsoft Visual Studio Solution File, Format Version 10.00
# Visual Studio 2008
Project("{FAE04EC0-301F-11D3-BF4B-00C04F79EFBC}") = "ex2-09", "ex2-09\ex2-09.csproj", "{43CFF76F-6EF1-41B2-A323-69D38921FB1F}"
EndProject
Global
	GlobalSection(SolutionConfigurationPlatforms) = preSolution
		Debug|Any CPU = Debug|Any CPU
		Release|Any CPU = Release|Any CPU
	EndGlobalSection
	GlobalSection(ProjectConfigurationPlatforms) = postSolution
		{43CFF76F-6EF1-41B2-A323-69D38921FB1F}.Debug|Any CPU.ActiveCfg = Debug|Any CPU
		{43CFF76F-6EF1-41B2-A323-69D38921FB1F}.Debug|Any CPU.Build.0 = Debug|Any CPU
		{43CFF76F-6EF1-41B2-A323-69D38921FB1F}.Release|Any CPU.ActiveCfg = Release|Any CPU
		{43CFF76F-6EF1-41B2-A323-69D38921FB1F}.Release|Any CPU.Build.0 = Release|Any CPU
	EndGlobalSection
	GlobalSection(SolutionProperties) = preSolution
		HideSolutionNode = FALSE
	EndGlobalSection
EndGlobal
