
Microsoft Visual Studio Solution File, Format Version 10.00
# Visual Studio 2008
Project("{FAE04EC0-301F-11D3-BF4B-00C04F79EFBC}") = "ex10-02", "ex10-02\ex10-02.csproj", "{F7353BC2-B610-4B8C-BA54-EC7AD21A422C}"
EndProject
Global
	GlobalSection(SolutionConfigurationPlatforms) = preSolution
		Debug|Any CPU = Debug|Any CPU
		Release|Any CPU = Release|Any CPU
	EndGlobalSection
	GlobalSection(ProjectConfigurationPlatforms) = postSolution
		{F7353BC2-B610-4B8C-BA54-EC7AD21A422C}.Debug|Any CPU.ActiveCfg = Debug|Any CPU
		{F7353BC2-B610-4B8C-BA54-EC7AD21A422C}.Debug|Any CPU.Build.0 = Debug|Any CPU
		{F7353BC2-B610-4B8C-BA54-EC7AD21A422C}.Release|Any CPU.ActiveCfg = Release|Any CPU
		{F7353BC2-B610-4B8C-BA54-EC7AD21A422C}.Release|Any CPU.Build.0 = Release|Any CPU
	EndGlobalSection
	GlobalSection(SolutionProperties) = preSolution
		HideSolutionNode = FALSE
	EndGlobalSection
EndGlobal
