
Microsoft Visual Studio Solution File, Format Version 10.00
# Visual Studio 2008
Project("{FAE04EC0-301F-11D3-BF4B-00C04F79EFBC}") = "ex2-05", "ex2-05\ex2-05.csproj", "{33DD9006-9D49-497B-8196-A703133698A5}"
EndProject
Global
	GlobalSection(SolutionConfigurationPlatforms) = preSolution
		Debug|Any CPU = Debug|Any CPU
		Release|Any CPU = Release|Any CPU
	EndGlobalSection
	GlobalSection(ProjectConfigurationPlatforms) = postSolution
		{33DD9006-9D49-497B-8196-A703133698A5}.Debug|Any CPU.ActiveCfg = Debug|Any CPU
		{33DD9006-9D49-497B-8196-A703133698A5}.Debug|Any CPU.Build.0 = Debug|Any CPU
		{33DD9006-9D49-497B-8196-A703133698A5}.Release|Any CPU.ActiveCfg = Release|Any CPU
		{33DD9006-9D49-497B-8196-A703133698A5}.Release|Any CPU.Build.0 = Release|Any CPU
	EndGlobalSection
	GlobalSection(SolutionProperties) = preSolution
		HideSolutionNode = FALSE
	EndGlobalSection
EndGlobal
