
Microsoft Visual Studio Solution File, Format Version 11.00
# Visual Studio 2010
Project("{FAE04EC0-301F-11D3-BF4B-00C04F79EFBC}") = "例5.1", "例5.1\例5.1.csproj", "{B82E0729-EC4A-4F8B-B37B-D6EBE53C4859}"
EndProject
Global
	GlobalSection(SolutionConfigurationPlatforms) = preSolution
		Debug|x86 = Debug|x86
		Release|x86 = Release|x86
	EndGlobalSection
	GlobalSection(ProjectConfigurationPlatforms) = postSolution
		{B82E0729-EC4A-4F8B-B37B-D6EBE53C4859}.Debug|x86.ActiveCfg = Debug|x86
		{B82E0729-EC4A-4F8B-B37B-D6EBE53C4859}.Debug|x86.Build.0 = Debug|x86
		{B82E0729-EC4A-4F8B-B37B-D6EBE53C4859}.Release|x86.ActiveCfg = Release|x86
		{B82E0729-EC4A-4F8B-B37B-D6EBE53C4859}.Release|x86.Build.0 = Release|x86
	EndGlobalSection
	GlobalSection(SolutionProperties) = preSolution
		HideSolutionNode = FALSE
	EndGlobalSection
EndGlobal
