
Microsoft Visual Studio Solution File, Format Version 11.00
# Visual Studio 2010
Project("{FAE04EC0-301F-11D3-BF4B-00C04F79EFBC}") = "useDataTable", "useDataTable\useDataTable.csproj", "{16E15E9C-0F3E-4AFE-8E66-4DF885B6DCAA}"
EndProject
Global
	GlobalSection(SolutionConfigurationPlatforms) = preSolution
		Debug|x86 = Debug|x86
		Release|x86 = Release|x86
	EndGlobalSection
	GlobalSection(ProjectConfigurationPlatforms) = postSolution
		{16E15E9C-0F3E-4AFE-8E66-4DF885B6DCAA}.Debug|x86.ActiveCfg = Debug|x86
		{16E15E9C-0F3E-4AFE-8E66-4DF885B6DCAA}.Debug|x86.Build.0 = Debug|x86
		{16E15E9C-0F3E-4AFE-8E66-4DF885B6DCAA}.Release|x86.ActiveCfg = Release|x86
		{16E15E9C-0F3E-4AFE-8E66-4DF885B6DCAA}.Release|x86.Build.0 = Release|x86
	EndGlobalSection
	GlobalSection(SolutionProperties) = preSolution
		HideSolutionNode = FALSE
	EndGlobalSection
EndGlobal
