
Microsoft Visual Studio Solution File, Format Version 11.00
# Visual Studio 2010
Project("{FAE04EC0-301F-11D3-BF4B-00C04F79EFBC}") = "threadComplicate", "threadComplicate\threadComplicate.csproj", "{9889EB3B-8732-45DB-BA8D-5B7813390362}"
EndProject
Global
	GlobalSection(SolutionConfigurationPlatforms) = preSolution
		Debug|x86 = Debug|x86
		Release|x86 = Release|x86
	EndGlobalSection
	GlobalSection(ProjectConfigurationPlatforms) = postSolution
		{9889EB3B-8732-45DB-BA8D-5B7813390362}.Debug|x86.ActiveCfg = Debug|x86
		{9889EB3B-8732-45DB-BA8D-5B7813390362}.Debug|x86.Build.0 = Debug|x86
		{9889EB3B-8732-45DB-BA8D-5B7813390362}.Release|x86.ActiveCfg = Release|x86
		{9889EB3B-8732-45DB-BA8D-5B7813390362}.Release|x86.Build.0 = Release|x86
	EndGlobalSection
	GlobalSection(SolutionProperties) = preSolution
		HideSolutionNode = FALSE
	EndGlobalSection
EndGlobal
