
Microsoft Visual Studio Solution File, Format Version 10.00
# Visual Studio 2008
Project("{FAE04EC0-301F-11D3-BF4B-00C04F79EFBC}") = "ex9-04", "ex9-04\ex9-04.csproj", "{59FDB2D0-4326-4305-9C68-BFF1E28A81C9}"
EndProject
Global
	GlobalSection(SolutionConfigurationPlatforms) = preSolution
		Debug|Any CPU = Debug|Any CPU
		Release|Any CPU = Release|Any CPU
	EndGlobalSection
	GlobalSection(ProjectConfigurationPlatforms) = postSolution
		{59FDB2D0-4326-4305-9C68-BFF1E28A81C9}.Debug|Any CPU.ActiveCfg = Debug|Any CPU
		{59FDB2D0-4326-4305-9C68-BFF1E28A81C9}.Debug|Any CPU.Build.0 = Debug|Any CPU
		{59FDB2D0-4326-4305-9C68-BFF1E28A81C9}.Release|Any CPU.ActiveCfg = Release|Any CPU
		{59FDB2D0-4326-4305-9C68-BFF1E28A81C9}.Release|Any CPU.Build.0 = Release|Any CPU
	EndGlobalSection
	GlobalSection(SolutionProperties) = preSolution
		HideSolutionNode = FALSE
	EndGlobalSection
EndGlobal
