
Microsoft Visual Studio Solution File, Format Version 11.00
# Visual Studio 2010
Project("{FAE04EC0-301F-11D3-BF4B-00C04F79EFBC}") = "图像画刷", "图像画刷\图像画刷.csproj", "{EB57AD9B-7EE8-4FB3-AE4E-D49795EC64CC}"
EndProject
Global
	GlobalSection(SolutionConfigurationPlatforms) = preSolution
		Debug|x86 = Debug|x86
		Release|x86 = Release|x86
	EndGlobalSection
	GlobalSection(ProjectConfigurationPlatforms) = postSolution
		{EB57AD9B-7EE8-4FB3-AE4E-D49795EC64CC}.Debug|x86.ActiveCfg = Debug|x86
		{EB57AD9B-7EE8-4FB3-AE4E-D49795EC64CC}.Debug|x86.Build.0 = Debug|x86
		{EB57AD9B-7EE8-4FB3-AE4E-D49795EC64CC}.Release|x86.ActiveCfg = Release|x86
		{EB57AD9B-7EE8-4FB3-AE4E-D49795EC64CC}.Release|x86.Build.0 = Release|x86
	EndGlobalSection
	GlobalSection(SolutionProperties) = preSolution
		HideSolutionNode = FALSE
	EndGlobalSection
EndGlobal
