
Microsoft Visual Studio Solution File, Format Version 11.00
# Visual Studio 2010
Project("{FAE04EC0-301F-11D3-BF4B-00C04F79EFBC}") = "删除数据", "删除数据\删除数据.csproj", "{1C746C28-06F8-4E8D-A047-D400D04040D7}"
EndProject
Global
	GlobalSection(SolutionConfigurationPlatforms) = preSolution
		Debug|x86 = Debug|x86
		Release|x86 = Release|x86
	EndGlobalSection
	GlobalSection(ProjectConfigurationPlatforms) = postSolution
		{1C746C28-06F8-4E8D-A047-D400D04040D7}.Debug|x86.ActiveCfg = Debug|x86
		{1C746C28-06F8-4E8D-A047-D400D04040D7}.Debug|x86.Build.0 = Debug|x86
		{1C746C28-06F8-4E8D-A047-D400D04040D7}.Release|x86.ActiveCfg = Release|x86
		{1C746C28-06F8-4E8D-A047-D400D04040D7}.Release|x86.Build.0 = Release|x86
	EndGlobalSection
	GlobalSection(SolutionProperties) = preSolution
		HideSolutionNode = FALSE
	EndGlobalSection
EndGlobal
