
Microsoft Visual Studio Solution File, Format Version 11.00
# Visual Studio 2010
Project("{FAE04EC0-301F-11D3-BF4B-00C04F79EFBC}") = "SampleOperator", "SampleOperator\SampleOperator.csproj", "{3278A61B-1C26-4CFE-9CE0-95C53F988296}"
EndProject
Global
	GlobalSection(SolutionConfigurationPlatforms) = preSolution
		Debug|x86 = Debug|x86
		Release|x86 = Release|x86
	EndGlobalSection
	GlobalSection(ProjectConfigurationPlatforms) = postSolution
		{3278A61B-1C26-4CFE-9CE0-95C53F988296}.Debug|x86.ActiveCfg = Debug|x86
		{3278A61B-1C26-4CFE-9CE0-95C53F988296}.Debug|x86.Build.0 = Debug|x86
		{3278A61B-1C26-4CFE-9CE0-95C53F988296}.Release|x86.ActiveCfg = Release|x86
		{3278A61B-1C26-4CFE-9CE0-95C53F988296}.Release|x86.Build.0 = Release|x86
	EndGlobalSection
	GlobalSection(SolutionProperties) = preSolution
		HideSolutionNode = FALSE
	EndGlobalSection
EndGlobal
