
Microsoft Visual Studio Solution File, Format Version 10.00
# Visual Studio 2008
Project("{FAE04EC0-301F-11D3-BF4B-00C04F79EFBC}") = "ex3-01", "ex3-01\ex3-01.csproj", "{8BAD88E6-E002-4F6F-B179-22A3D5143610}"
EndProject
Global
	GlobalSection(SolutionConfigurationPlatforms) = preSolution
		Debug|Any CPU = Debug|Any CPU
		Release|Any CPU = Release|Any CPU
	EndGlobalSection
	GlobalSection(ProjectConfigurationPlatforms) = postSolution
		{8BAD88E6-E002-4F6F-B179-22A3D5143610}.Debug|Any CPU.ActiveCfg = Debug|Any CPU
		{8BAD88E6-E002-4F6F-B179-22A3D5143610}.Debug|Any CPU.Build.0 = Debug|Any CPU
		{8BAD88E6-E002-4F6F-B179-22A3D5143610}.Release|Any CPU.ActiveCfg = Release|Any CPU
		{8BAD88E6-E002-4F6F-B179-22A3D5143610}.Release|Any CPU.Build.0 = Release|Any CPU
	EndGlobalSection
	GlobalSection(SolutionProperties) = preSolution
		HideSolutionNode = FALSE
	EndGlobalSection
EndGlobal
