
Microsoft Visual Studio Solution File, Format Version 10.00
# Visual Studio 2008
Project("{FAE04EC0-301F-11D3-BF4B-00C04F79EFBC}") = "ex9-08", "ex9-08\ex9-08.csproj", "{87405A7A-D2DF-49E8-A249-BBA45D36FECE}"
EndProject
Global
	GlobalSection(SolutionConfigurationPlatforms) = preSolution
		Debug|Any CPU = Debug|Any CPU
		Release|Any CPU = Release|Any CPU
	EndGlobalSection
	GlobalSection(ProjectConfigurationPlatforms) = postSolution
		{87405A7A-D2DF-49E8-A249-BBA45D36FECE}.Debug|Any CPU.ActiveCfg = Debug|Any CPU
		{87405A7A-D2DF-49E8-A249-BBA45D36FECE}.Debug|Any CPU.Build.0 = Debug|Any CPU
		{87405A7A-D2DF-49E8-A249-BBA45D36FECE}.Release|Any CPU.ActiveCfg = Release|Any CPU
		{87405A7A-D2DF-49E8-A249-BBA45D36FECE}.Release|Any CPU.Build.0 = Release|Any CPU
	EndGlobalSection
	GlobalSection(SolutionProperties) = preSolution
		HideSolutionNode = FALSE
	EndGlobalSection
EndGlobal
