
Microsoft Visual Studio Solution File, Format Version 10.00
# Visual Studio 2008
Project("{FAE04EC0-301F-11D3-BF4B-00C04F79EFBC}") = "ex3-05", "ex3-05\ex3-05.csproj", "{B01F2809-67E9-48A9-A6E4-D014ADE4A550}"
EndProject
Global
	GlobalSection(SolutionConfigurationPlatforms) = preSolution
		Debug|Any CPU = Debug|Any CPU
		Release|Any CPU = Release|Any CPU
	EndGlobalSection
	GlobalSection(ProjectConfigurationPlatforms) = postSolution
		{B01F2809-67E9-48A9-A6E4-D014ADE4A550}.Debug|Any CPU.ActiveCfg = Debug|Any CPU
		{B01F2809-67E9-48A9-A6E4-D014ADE4A550}.Debug|Any CPU.Build.0 = Debug|Any CPU
		{B01F2809-67E9-48A9-A6E4-D014ADE4A550}.Release|Any CPU.ActiveCfg = Release|Any CPU
		{B01F2809-67E9-48A9-A6E4-D014ADE4A550}.Release|Any CPU.Build.0 = Release|Any CPU
	EndGlobalSection
	GlobalSection(SolutionProperties) = preSolution
		HideSolutionNode = FALSE
	EndGlobalSection
EndGlobal
