
Microsoft Visual Studio Solution File, Format Version 10.00
# Visual Studio 2008
Project("{FAE04EC0-301F-11D3-BF4B-00C04F79EFBC}") = "ex9-07", "ex9-07\ex9-07.csproj", "{EDB4DAF7-AF35-46CA-8248-2EC137F5F0B5}"
EndProject
Global
	GlobalSection(SolutionConfigurationPlatforms) = preSolution
		Debug|Any CPU = Debug|Any CPU
		Release|Any CPU = Release|Any CPU
	EndGlobalSection
	GlobalSection(ProjectConfigurationPlatforms) = postSolution
		{EDB4DAF7-AF35-46CA-8248-2EC137F5F0B5}.Debug|Any CPU.ActiveCfg = Debug|Any CPU
		{EDB4DAF7-AF35-46CA-8248-2EC137F5F0B5}.Debug|Any CPU.Build.0 = Debug|Any CPU
		{EDB4DAF7-AF35-46CA-8248-2EC137F5F0B5}.Release|Any CPU.ActiveCfg = Release|Any CPU
		{EDB4DAF7-AF35-46CA-8248-2EC137F5F0B5}.Release|Any CPU.Build.0 = Release|Any CPU
	EndGlobalSection
	GlobalSection(SolutionProperties) = preSolution
		HideSolutionNode = FALSE
	EndGlobalSection
EndGlobal
