
Microsoft Visual Studio Solution File, Format Version 10.00
# Visual Studio 2008
Project("{FAE04EC0-301F-11D3-BF4B-00C04F79EFBC}") = "ex3-04", "ex3-04\ex3-04.csproj", "{7D28E5F1-3B86-4971-BC05-F0D7DB6AEF88}"
EndProject
Global
	GlobalSection(SolutionConfigurationPlatforms) = preSolution
		Debug|Any CPU = Debug|Any CPU
		Release|Any CPU = Release|Any CPU
	EndGlobalSection
	GlobalSection(ProjectConfigurationPlatforms) = postSolution
		{7D28E5F1-3B86-4971-BC05-F0D7DB6AEF88}.Debug|Any CPU.ActiveCfg = Debug|Any CPU
		{7D28E5F1-3B86-4971-BC05-F0D7DB6AEF88}.Debug|Any CPU.Build.0 = Debug|Any CPU
		{7D28E5F1-3B86-4971-BC05-F0D7DB6AEF88}.Release|Any CPU.ActiveCfg = Release|Any CPU
		{7D28E5F1-3B86-4971-BC05-F0D7DB6AEF88}.Release|Any CPU.Build.0 = Release|Any CPU
	EndGlobalSection
	GlobalSection(SolutionProperties) = preSolution
		HideSolutionNode = FALSE
	EndGlobalSection
EndGlobal
