
Microsoft Visual Studio Solution File, Format Version 10.00
# Visual Studio 2008
Project("{FAE04EC0-301F-11D3-BF4B-00C04F79EFBC}") = "ex3-09", "ex3-09\ex3-09.csproj", "{C7805096-C10D-4ADA-9844-D3CFBAC39414}"
EndProject
Global
	GlobalSection(SolutionConfigurationPlatforms) = preSolution
		Debug|Any CPU = Debug|Any CPU
		Release|Any CPU = Release|Any CPU
	EndGlobalSection
	GlobalSection(ProjectConfigurationPlatforms) = postSolution
		{C7805096-C10D-4ADA-9844-D3CFBAC39414}.Debug|Any CPU.ActiveCfg = Debug|Any CPU
		{C7805096-C10D-4ADA-9844-D3CFBAC39414}.Debug|Any CPU.Build.0 = Debug|Any CPU
		{C7805096-C10D-4ADA-9844-D3CFBAC39414}.Release|Any CPU.ActiveCfg = Release|Any CPU
		{C7805096-C10D-4ADA-9844-D3CFBAC39414}.Release|Any CPU.Build.0 = Release|Any CPU
	EndGlobalSection
	GlobalSection(SolutionProperties) = preSolution
		HideSolutionNode = FALSE
	EndGlobalSection
EndGlobal
