
Microsoft Visual Studio Solution File, Format Version 10.00
# Visual Studio 2008
Project("{FAE04EC0-301F-11D3-BF4B-00C04F79EFBC}") = "ex8-04", "ex8-04\ex8-04.csproj", "{ED6536B6-E239-410A-8CC8-B57F5A6CDDB0}"
EndProject
Global
	GlobalSection(SolutionConfigurationPlatforms) = preSolution
		Debug|Any CPU = Debug|Any CPU
		Release|Any CPU = Release|Any CPU
	EndGlobalSection
	GlobalSection(ProjectConfigurationPlatforms) = postSolution
		{ED6536B6-E239-410A-8CC8-B57F5A6CDDB0}.Debug|Any CPU.ActiveCfg = Debug|Any CPU
		{ED6536B6-E239-410A-8CC8-B57F5A6CDDB0}.Debug|Any CPU.Build.0 = Debug|Any CPU
		{ED6536B6-E239-410A-8CC8-B57F5A6CDDB0}.Release|Any CPU.ActiveCfg = Release|Any CPU
		{ED6536B6-E239-410A-8CC8-B57F5A6CDDB0}.Release|Any CPU.Build.0 = Release|Any CPU
	EndGlobalSection
	GlobalSection(SolutionProperties) = preSolution
		HideSolutionNode = FALSE
	EndGlobalSection
EndGlobal
