
Microsoft Visual Studio Solution File, Format Version 10.00
# Visual Studio 2008
Project("{FAE04EC0-301F-11D3-BF4B-00C04F79EFBC}") = "ex8-02", "ex8-02\ex8-02.csproj", "{19EC3C08-0ED1-4CC1-90E8-0ADF157BC730}"
EndProject
Global
	GlobalSection(SolutionConfigurationPlatforms) = preSolution
		Debug|Any CPU = Debug|Any CPU
		Release|Any CPU = Release|Any CPU
	EndGlobalSection
	GlobalSection(ProjectConfigurationPlatforms) = postSolution
		{19EC3C08-0ED1-4CC1-90E8-0ADF157BC730}.Debug|Any CPU.ActiveCfg = Debug|Any CPU
		{19EC3C08-0ED1-4CC1-90E8-0ADF157BC730}.Debug|Any CPU.Build.0 = Debug|Any CPU
		{19EC3C08-0ED1-4CC1-90E8-0ADF157BC730}.Release|Any CPU.ActiveCfg = Release|Any CPU
		{19EC3C08-0ED1-4CC1-90E8-0ADF157BC730}.Release|Any CPU.Build.0 = Release|Any CPU
	EndGlobalSection
	GlobalSection(SolutionProperties) = preSolution
		HideSolutionNode = FALSE
	EndGlobalSection
EndGlobal
