
Microsoft Visual Studio Solution File, Format Version 10.00
# Visual Studio 2008
Project("{FAE04EC0-301F-11D3-BF4B-00C04F79EFBC}") = "10-05", "10-05\10-05.csproj", "{E685053E-4768-4767-BF80-3B41E486B8D5}"
EndProject
Global
	GlobalSection(SolutionConfigurationPlatforms) = preSolution
		Debug|Any CPU = Debug|Any CPU
		Release|Any CPU = Release|Any CPU
	EndGlobalSection
	GlobalSection(ProjectConfigurationPlatforms) = postSolution
		{E685053E-4768-4767-BF80-3B41E486B8D5}.Debug|Any CPU.ActiveCfg = Debug|Any CPU
		{E685053E-4768-4767-BF80-3B41E486B8D5}.Debug|Any CPU.Build.0 = Debug|Any CPU
		{E685053E-4768-4767-BF80-3B41E486B8D5}.Release|Any CPU.ActiveCfg = Release|Any CPU
		{E685053E-4768-4767-BF80-3B41E486B8D5}.Release|Any CPU.Build.0 = Release|Any CPU
	EndGlobalSection
	GlobalSection(SolutionProperties) = preSolution
		HideSolutionNode = FALSE
	EndGlobalSection
EndGlobal
