
Microsoft Visual Studio Solution File, Format Version 11.00
# Visual Studio 2010
Project("{FAE04EC0-301F-11D3-BF4B-00C04F79EFBC}") = "例5.5", "例5.5\例5.5.csproj", "{A500E6C4-CB2A-4057-B85C-CBF90764D272}"
EndProject
Global
	GlobalSection(SolutionConfigurationPlatforms) = preSolution
		Debug|x86 = Debug|x86
		Release|x86 = Release|x86
	EndGlobalSection
	GlobalSection(ProjectConfigurationPlatforms) = postSolution
		{A500E6C4-CB2A-4057-B85C-CBF90764D272}.Debug|x86.ActiveCfg = Debug|x86
		{A500E6C4-CB2A-4057-B85C-CBF90764D272}.Debug|x86.Build.0 = Debug|x86
		{A500E6C4-CB2A-4057-B85C-CBF90764D272}.Release|x86.ActiveCfg = Release|x86
		{A500E6C4-CB2A-4057-B85C-CBF90764D272}.Release|x86.Build.0 = Release|x86
	EndGlobalSection
	GlobalSection(SolutionProperties) = preSolution
		HideSolutionNode = FALSE
	EndGlobalSection
EndGlobal
