
Microsoft Visual Studio Solution File, Format Version 10.00
# Visual Studio 2008
Project("{FAE04EC0-301F-11D3-BF4B-00C04F79EFBC}") = "ex9-05", "ex9-05\ex9-05.csproj", "{8B3612D9-9164-4C1B-842B-74E88C9C16DC}"
EndProject
Global
	GlobalSection(SolutionConfigurationPlatforms) = preSolution
		Debug|Any CPU = Debug|Any CPU
		Release|Any CPU = Release|Any CPU
	EndGlobalSection
	GlobalSection(ProjectConfigurationPlatforms) = postSolution
		{8B3612D9-9164-4C1B-842B-74E88C9C16DC}.Debug|Any CPU.ActiveCfg = Debug|Any CPU
		{8B3612D9-9164-4C1B-842B-74E88C9C16DC}.Debug|Any CPU.Build.0 = Debug|Any CPU
		{8B3612D9-9164-4C1B-842B-74E88C9C16DC}.Release|Any CPU.ActiveCfg = Release|Any CPU
		{8B3612D9-9164-4C1B-842B-74E88C9C16DC}.Release|Any CPU.Build.0 = Release|Any CPU
	EndGlobalSection
	GlobalSection(SolutionProperties) = preSolution
		HideSolutionNode = FALSE
	EndGlobalSection
EndGlobal
