
Microsoft Visual Studio Solution File, Format Version 9.00
# Visual Studio 2005
Project("{FAE04EC0-301F-11D3-BF4B-00C04F79EFBC}") = "ColorTabApp", "ColorTabApp\ColorTabApp.csproj", "{E8A36D4F-4051-4854-B487-E264B082AFCF}"
EndProject
Project("{FAE04EC0-301F-11D3-BF4B-00C04F79EFBC}") = "MyPhotoAlbum", "MyPhotoAlbum\MyPhotoAlbum.csproj", "{51E85ABB-90B2-445D-91E4-F12BAE37226B}"
EndProject
Project("{FAE04EC0-301F-11D3-BF4B-00C04F79EFBC}") = "MyPhotoControls", "MyPhotoControls\MyPhotoControls.csproj", "{743070A9-56F2-4591-8C71-BBE52A5B354F}"
EndProject
Global
	GlobalSection(SolutionConfigurationPlatforms) = preSolution
		Debug|Any CPU = Debug|Any CPU
		Release|Any CPU = Release|Any CPU
	EndGlobalSection
	GlobalSection(ProjectConfigurationPlatforms) = postSolution
		{E8A36D4F-4051-4854-B487-E264B082AFCF}.Debug|Any CPU.ActiveCfg = Debug|Any CPU
		{E8A36D4F-4051-4854-B487-E264B082AFCF}.Debug|Any CPU.Build.0 = Debug|Any CPU
		{E8A36D4F-4051-4854-B487-E264B082AFCF}.Release|Any CPU.ActiveCfg = Release|Any CPU
		{E8A36D4F-4051-4854-B487-E264B082AFCF}.Release|Any CPU.Build.0 = Release|Any CPU
		{51E85ABB-90B2-445D-91E4-F12BAE37226B}.Debug|Any CPU.ActiveCfg = Debug|Any CPU
		{51E85ABB-90B2-445D-91E4-F12BAE37226B}.Debug|Any CPU.Build.0 = Debug|Any CPU
		{51E85ABB-90B2-445D-91E4-F12BAE37226B}.Release|Any CPU.ActiveCfg = Release|Any CPU
		{51E85ABB-90B2-445D-91E4-F12BAE37226B}.Release|Any CPU.Build.0 = Release|Any CPU
		{743070A9-56F2-4591-8C71-BBE52A5B354F}.Debug|Any CPU.ActiveCfg = Debug|Any CPU
		{743070A9-56F2-4591-8C71-BBE52A5B354F}.Debug|Any CPU.Build.0 = Debug|Any CPU
		{743070A9-56F2-4591-8C71-BBE52A5B354F}.Release|Any CPU.ActiveCfg = Release|Any CPU
		{743070A9-56F2-4591-8C71-BBE52A5B354F}.Release|Any CPU.Build.0 = Release|Any CPU
	EndGlobalSection
	GlobalSection(SolutionProperties) = preSolution
		HideSolutionNode = FALSE
	EndGlobalSection
EndGlobal
