
Microsoft Visual Studio Solution File, Format Version 12.00
# Visual Studio 2012
Project("{FAE04EC0-301F-11D3-BF4B-00C04F79EFBC}") = "exci4-1", "exci4-1\exci4-1.csproj", "{F8CED29A-59E1-487A-8991-9D664F1DFA3B}"
EndProject
Global
	GlobalSection(SolutionConfigurationPlatforms) = preSolution
		Debug|Any CPU = Debug|Any CPU
		Release|Any CPU = Release|Any CPU
	EndGlobalSection
	GlobalSection(ProjectConfigurationPlatforms) = postSolution
		{F8CED29A-59E1-487A-8991-9D664F1DFA3B}.Debug|Any CPU.ActiveCfg = Debug|Any CPU
		{F8CED29A-59E1-487A-8991-9D664F1DFA3B}.Debug|Any CPU.Build.0 = Debug|Any CPU
		{F8CED29A-59E1-487A-8991-9D664F1DFA3B}.Release|Any CPU.ActiveCfg = Release|Any CPU
		{F8CED29A-59E1-487A-8991-9D664F1DFA3B}.Release|Any CPU.Build.0 = Release|Any CPU
	EndGlobalSection
	GlobalSection(SolutionProperties) = preSolution
		HideSolutionNode = FALSE
	EndGlobalSection
EndGlobal
