
Microsoft Visual Studio Solution File, Format Version 10.00
# Visual Studio 2008
Project("{FAE04EC0-301F-11D3-BF4B-00C04F79EFBC}") = "ex10-12", "ex10-12\ex10-12.csproj", "{587EA8C8-375F-425C-B803-E4D4ADDFFE75}"
EndProject
Global
	GlobalSection(SolutionConfigurationPlatforms) = preSolution
		Debug|Any CPU = Debug|Any CPU
		Release|Any CPU = Release|Any CPU
	EndGlobalSection
	GlobalSection(ProjectConfigurationPlatforms) = postSolution
		{587EA8C8-375F-425C-B803-E4D4ADDFFE75}.Debug|Any CPU.ActiveCfg = Debug|Any CPU
		{587EA8C8-375F-425C-B803-E4D4ADDFFE75}.Debug|Any CPU.Build.0 = Debug|Any CPU
		{587EA8C8-375F-425C-B803-E4D4ADDFFE75}.Release|Any CPU.ActiveCfg = Release|Any CPU
		{587EA8C8-375F-425C-B803-E4D4ADDFFE75}.Release|Any CPU.Build.0 = Release|Any CPU
	EndGlobalSection
	GlobalSection(SolutionProperties) = preSolution
		HideSolutionNode = FALSE
	EndGlobalSection
EndGlobal
