
Microsoft Visual Studio Solution File, Format Version 10.00
# Visual Studio 2008
Project("{FAE04EC0-301F-11D3-BF4B-00C04F79EFBC}") = "ex5-12", "ex5-12\ex5-12.csproj", "{910735A9-55B3-4A2B-9FEB-B30D07E3C40C}"
EndProject
Global
	GlobalSection(SolutionConfigurationPlatforms) = preSolution
		Debug|Any CPU = Debug|Any CPU
		Release|Any CPU = Release|Any CPU
	EndGlobalSection
	GlobalSection(ProjectConfigurationPlatforms) = postSolution
		{910735A9-55B3-4A2B-9FEB-B30D07E3C40C}.Debug|Any CPU.ActiveCfg = Debug|Any CPU
		{910735A9-55B3-4A2B-9FEB-B30D07E3C40C}.Debug|Any CPU.Build.0 = Debug|Any CPU
		{910735A9-55B3-4A2B-9FEB-B30D07E3C40C}.Release|Any CPU.ActiveCfg = Release|Any CPU
		{910735A9-55B3-4A2B-9FEB-B30D07E3C40C}.Release|Any CPU.Build.0 = Release|Any CPU
	EndGlobalSection
	GlobalSection(SolutionProperties) = preSolution
		HideSolutionNode = FALSE
	EndGlobalSection
EndGlobal
