
Microsoft Visual Studio Solution File, Format Version 10.00
# Visual Studio 2008
Project("{FAE04EC0-301F-11D3-BF4B-00C04F79EFBC}") = "ex10-01", "ex10-01\ex10-01.csproj", "{77E5E298-DD06-495A-ABC8-1F9709566A25}"
EndProject
Global
	GlobalSection(SolutionConfigurationPlatforms) = preSolution
		Debug|Any CPU = Debug|Any CPU
		Release|Any CPU = Release|Any CPU
	EndGlobalSection
	GlobalSection(ProjectConfigurationPlatforms) = postSolution
		{77E5E298-DD06-495A-ABC8-1F9709566A25}.Debug|Any CPU.ActiveCfg = Debug|Any CPU
		{77E5E298-DD06-495A-ABC8-1F9709566A25}.Debug|Any CPU.Build.0 = Debug|Any CPU
		{77E5E298-DD06-495A-ABC8-1F9709566A25}.Release|Any CPU.ActiveCfg = Release|Any CPU
		{77E5E298-DD06-495A-ABC8-1F9709566A25}.Release|Any CPU.Build.0 = Release|Any CPU
	EndGlobalSection
	GlobalSection(SolutionProperties) = preSolution
		HideSolutionNode = FALSE
	EndGlobalSection
EndGlobal
