
Microsoft Visual Studio Solution File, Format Version 12.00
# Visual Studio 15
VisualStudioVersion = 15.0.28307.902
MinimumVisualStudioVersion = 10.0.40219.1
Project("{FAE04EC0-301F-11D3-BF4B-00C04F79EFBC}") = "MyPhotos", "MyPhotos\MyPhotos.csproj", "{B545F849-D1CE-4F51-BBD7-11A8C0438B5D}"
EndProject
Global
	GlobalSection(SolutionConfigurationPlatforms) = preSolution
		Debug|Any CPU = Debug|Any CPU
		Release|Any CPU = Release|Any CPU
	EndGlobalSection
	GlobalSection(ProjectConfigurationPlatforms) = postSolution
		{B545F849-D1CE-4F51-BBD7-11A8C0438B5D}.Debug|Any CPU.ActiveCfg = Debug|Any CPU
		{B545F849-D1CE-4F51-BBD7-11A8C0438B5D}.Debug|Any CPU.Build.0 = Debug|Any CPU
		{B545F849-D1CE-4F51-BBD7-11A8C0438B5D}.Release|Any CPU.ActiveCfg = Release|Any CPU
		{B545F849-D1CE-4F51-BBD7-11A8C0438B5D}.Release|Any CPU.Build.0 = Release|Any CPU
	EndGlobalSection
	GlobalSection(SolutionProperties) = preSolution
		HideSolutionNode = FALSE
	EndGlobalSection
	GlobalSection(ExtensibilityGlobals) = postSolution
		SolutionGuid = {C116EB9D-34D9-4A5D-9F35-EDBB9F0847D2}
	EndGlobalSection
EndGlobal
