
Microsoft Visual Studio Solution File, Format Version 10.00
# Visual Studio 2008
Project("{FAE04EC0-301F-11D3-BF4B-00C04F79EFBC}") = "ex4-05", "ex4-05\ex4-05.csproj", "{0831B531-CC2A-4504-970C-3089170D9A20}"
EndProject
Global
	GlobalSection(SolutionConfigurationPlatforms) = preSolution
		Debug|Any CPU = Debug|Any CPU
		Release|Any CPU = Release|Any CPU
	EndGlobalSection
	GlobalSection(ProjectConfigurationPlatforms) = postSolution
		{0831B531-CC2A-4504-970C-3089170D9A20}.Debug|Any CPU.ActiveCfg = Debug|Any CPU
		{0831B531-CC2A-4504-970C-3089170D9A20}.Debug|Any CPU.Build.0 = Debug|Any CPU
		{0831B531-CC2A-4504-970C-3089170D9A20}.Release|Any CPU.ActiveCfg = Release|Any CPU
		{0831B531-CC2A-4504-970C-3089170D9A20}.Release|Any CPU.Build.0 = Release|Any CPU
	EndGlobalSection
	GlobalSection(SolutionProperties) = preSolution
		HideSolutionNode = FALSE
	EndGlobalSection
EndGlobal
