
Microsoft Visual Studio Solution File, Format Version 12.00
# Visual Studio 2012
Project("{FAE04EC0-301F-11D3-BF4B-00C04F79EFBC}") = "exci5-1", "exci5-1\exci5-1.csproj", "{A93DC473-B7AC-4432-98B9-3BCC9D8A473A}"
EndProject
Global
	GlobalSection(SolutionConfigurationPlatforms) = preSolution
		Debug|Any CPU = Debug|Any CPU
		Release|Any CPU = Release|Any CPU
	EndGlobalSection
	GlobalSection(ProjectConfigurationPlatforms) = postSolution
		{A93DC473-B7AC-4432-98B9-3BCC9D8A473A}.Debug|Any CPU.ActiveCfg = Debug|Any CPU
		{A93DC473-B7AC-4432-98B9-3BCC9D8A473A}.Debug|Any CPU.Build.0 = Debug|Any CPU
		{A93DC473-B7AC-4432-98B9-3BCC9D8A473A}.Release|Any CPU.ActiveCfg = Release|Any CPU
		{A93DC473-B7AC-4432-98B9-3BCC9D8A473A}.Release|Any CPU.Build.0 = Release|Any CPU
	EndGlobalSection
	GlobalSection(SolutionProperties) = preSolution
		HideSolutionNode = FALSE
	EndGlobalSection
EndGlobal
