
Microsoft Visual Studio Solution File, Format Version 12.00
# Visual Studio 2012
Project("{FAE04EC0-301F-11D3-BF4B-00C04F79EFBC}") = "experment14", "experment14\experment14.csproj", "{6EE298FF-5B8D-40D6-9666-75D472FFBDF1}"
EndProject
Global
	GlobalSection(SolutionConfigurationPlatforms) = preSolution
		Debug|Any CPU = Debug|Any CPU
		Release|Any CPU = Release|Any CPU
	EndGlobalSection
	GlobalSection(ProjectConfigurationPlatforms) = postSolution
		{6EE298FF-5B8D-40D6-9666-75D472FFBDF1}.Debug|Any CPU.ActiveCfg = Debug|Any CPU
		{6EE298FF-5B8D-40D6-9666-75D472FFBDF1}.Debug|Any CPU.Build.0 = Debug|Any CPU
		{6EE298FF-5B8D-40D6-9666-75D472FFBDF1}.Release|Any CPU.ActiveCfg = Release|Any CPU
		{6EE298FF-5B8D-40D6-9666-75D472FFBDF1}.Release|Any CPU.Build.0 = Release|Any CPU
	EndGlobalSection
	GlobalSection(SolutionProperties) = preSolution
		HideSolutionNode = FALSE
	EndGlobalSection
EndGlobal
