
Microsoft Visual Studio Solution File, Format Version 10.00
# Visual Studio 2008
Project("{FAE04EC0-301F-11D3-BF4B-00C04F79EFBC}") = "ex6-04", "ex6-04\ex6-04.csproj", "{1707BAA0-C25F-4C8E-B7C7-11101EDF458E}"
EndProject
Global
	GlobalSection(SolutionConfigurationPlatforms) = preSolution
		Debug|Any CPU = Debug|Any CPU
		Release|Any CPU = Release|Any CPU
	EndGlobalSection
	GlobalSection(ProjectConfigurationPlatforms) = postSolution
		{1707BAA0-C25F-4C8E-B7C7-11101EDF458E}.Debug|Any CPU.ActiveCfg = Debug|Any CPU
		{1707BAA0-C25F-4C8E-B7C7-11101EDF458E}.Debug|Any CPU.Build.0 = Debug|Any CPU
		{1707BAA0-C25F-4C8E-B7C7-11101EDF458E}.Release|Any CPU.ActiveCfg = Release|Any CPU
		{1707BAA0-C25F-4C8E-B7C7-11101EDF458E}.Release|Any CPU.Build.0 = Release|Any CPU
	EndGlobalSection
	GlobalSection(SolutionProperties) = preSolution
		HideSolutionNode = FALSE
	EndGlobalSection
EndGlobal
