
Microsoft Visual Studio Solution File, Format Version 10.00
# Visual Studio 2008
Project("{FAE04EC0-301F-11D3-BF4B-00C04F79EFBC}") = "ex9-16", "ex9-16\ex9-16.csproj", "{44A4323D-630C-41B7-BE7E-A546FD495D04}"
EndProject
Global
	GlobalSection(SolutionConfigurationPlatforms) = preSolution
		Debug|Any CPU = Debug|Any CPU
		Release|Any CPU = Release|Any CPU
	EndGlobalSection
	GlobalSection(ProjectConfigurationPlatforms) = postSolution
		{44A4323D-630C-41B7-BE7E-A546FD495D04}.Debug|Any CPU.ActiveCfg = Debug|Any CPU
		{44A4323D-630C-41B7-BE7E-A546FD495D04}.Debug|Any CPU.Build.0 = Debug|Any CPU
		{44A4323D-630C-41B7-BE7E-A546FD495D04}.Release|Any CPU.ActiveCfg = Release|Any CPU
		{44A4323D-630C-41B7-BE7E-A546FD495D04}.Release|Any CPU.Build.0 = Release|Any CPU
	EndGlobalSection
	GlobalSection(SolutionProperties) = preSolution
		HideSolutionNode = FALSE
	EndGlobalSection
EndGlobal
